
Microsoft Visual Studio Solution File, Format Version 12.00
# Visual Studio Version 17
VisualStudioVersion = 17.7.34009.444
MinimumVisualStudioVersion = 10.0.40219.1
Project("{9A19103F-16F7-4668-BE54-9A1E7A4F7556}") = "VolkanAppTasinmaz.API", "VolkanAppTasinmaz.API\VolkanAppTasinmaz.API.csproj", "{FDB0DB8D-0FB0-4607-AD02-4213F30EE93A}"
EndProject
Global
	GlobalSection(SolutionConfigurationPlatforms) = preSolution
		Debug|Any CPU = Debug|Any CPU
		Release|Any CPU = Release|Any CPU
	EndGlobalSection
	GlobalSection(ProjectConfigurationPlatforms) = postSolution
		{FDB0DB8D-0FB0-4607-AD02-4213F30EE93A}.Debug|Any CPU.ActiveCfg = Debug|Any CPU
		{FDB0DB8D-0FB0-4607-AD02-4213F30EE93A}.Debug|Any CPU.Build.0 = Debug|Any CPU
		{FDB0DB8D-0FB0-4607-AD02-4213F30EE93A}.Release|Any CPU.ActiveCfg = Release|Any CPU
		{FDB0DB8D-0FB0-4607-AD02-4213F30EE93A}.Release|Any CPU.Build.0 = Release|Any CPU
	EndGlobalSection
	GlobalSection(SolutionProperties) = preSolution
		HideSolutionNode = FALSE
	EndGlobalSection
	GlobalSection(ExtensibilityGlobals) = postSolution
		SolutionGuid = {5CD3EB97-498C-4369-AFB8-17ED32A59BEE}
	EndGlobalSection
EndGlobal
